<?xml version="1.0" encoding="utf-8"?>
<Project ToolsVersion="4.0" xmlns="http://schemas.microsoft.com/developer/msbuild/2003">
  <ItemGroup>
    <Filter Include="Source Files">
      <UniqueIdentifier>{4FC737F1-C7A5-4376-A066-2A32D752A2FF}</UniqueIdentifier>
      <Extensions>cpp;c;cc;cxx;c++;def;odl;idl;hpj;bat;asm;asmx</Extensions>
    </Filter>
    <Filter Include="Header Files">
      <UniqueIdentifier>{93995380-89BD-4b04-88EB-625FBE52EBFB}</UniqueIdentifier>
      <Extensions>h;hh;hpp;hxx;h++;hm;inl;inc;ipp;xsd</Extensions>
    </Filter>
    <Filter Include="Resource Files">
      <UniqueIdentifier>{67DA6AB6-F800-4c08-8B7A-83BB121AAD01}</UniqueIdentifier>
      <Extensions>rc;ico;cur;bmp;dlg;rc2;rct;bin;rgs;gif;jpg;jpeg;jpe;resx;tiff;tif;png;wav;mfcribbon-ms</Extensions>
    </Filter>
  </ItemGroup>
  <ItemGroup>
    <ClCompile Include="main.cpp">
      <Filter>Source Files</Filter>
    </ClCompile>
    <ClCompile Include="tinyECS\EntityManager.cpp">
      <Filter>Source Files</Filter>
    </ClCompile>
    <ClCompile Include="tinyECS\StateManager.cpp">
      <Filter>Source Files</Filter>
    </ClCompile>
    <ClCompile Include="systems\InputSys.cpp">
      <Filter>Source Files</Filter>
    </ClCompile>
    <ClCompile Include="systems\RenderSys.cpp">
      <Filter>Source Files</Filter>
    </ClCompile>
    <ClCompile Include="game\Map.cpp">
      <Filter>Source Files</Filter>
    </ClCompile>
    <ClCompile Include="game\MenuState.cpp">
      <Filter>Source Files</Filter>
    </ClCompile>
    <ClCompile Include="components\AICmp.cpp">
      <Filter>Source Files</Filter>
    </ClCompile>
    <ClCompile Include="components\CollisionCmp.cpp">
      <Filter>Source Files</Filter>
    </ClCompile>
    <ClCompile Include="components\HPCmp.cpp">
      <Filter>Source Files</Filter>
    </ClCompile>
    <ClCompile Include="components\InputCmp.cpp">
      <Filter>Source Files</Filter>
    </ClCompile>
    <ClCompile Include="components\PhysicsCmp.cpp">
      <Filter>Source Files</Filter>
    </ClCompile>
    <ClCompile Include="components\RenderCmp.cpp">
      <Filter>Source Files</Filter>
    </ClCompile>
  </ItemGroup>
  <ItemGroup>
    <ClInclude Include="tinyECS\Component.h">
      <Filter>Header Files</Filter>
    </ClInclude>
    <ClInclude Include="tinyECS\ComponentStorage.h">
      <Filter>Header Files</Filter>
    </ClInclude>
    <ClInclude Include="tinyECS\Entity.h">
      <Filter>Header Files</Filter>
    </ClInclude>
    <ClInclude Include="tinyECS\EntityManager.h">
      <Filter>Header Files</Filter>
    </ClInclude>
    <ClInclude Include="tinyECS\GameContext.h">
      <Filter>Header Files</Filter>
    </ClInclude>
    <ClInclude Include="tinyECS\StateManager.h">
      <Filter>Header Files</Filter>
    </ClInclude>
    <ClInclude Include="tinyECS\utils.h">
      <Filter>Header Files</Filter>
    </ClInclude>
    <ClInclude Include="systems\RenderSys.h">
      <Filter>Header Files</Filter>
    </ClInclude>
    <ClInclude Include="systems\InputSys.h">
      <Filter>Header Files</Filter>
    </ClInclude>
    <ClInclude Include="game\MenuState.h">
      <Filter>Header Files</Filter>
    </ClInclude>
    <ClInclude Include="game\Map.h">
      <Filter>Header Files</Filter>
    </ClInclude>
    <ClInclude Include="components\RenderCmp.h">
      <Filter>Header Files</Filter>
    </ClInclude>
    <ClInclude Include="components\AICmp.h">
      <Filter>Header Files</Filter>
    </ClInclude>
    <ClInclude Include="components\CollisionCmp.h">
      <Filter>Header Files</Filter>
    </ClInclude>
    <ClInclude Include="components\HPCmp.h">
      <Filter>Header Files</Filter>
    </ClInclude>
    <ClInclude Include="components\InputCmp.h">
      <Filter>Header Files</Filter>
    </ClInclude>
    <ClInclude Include="components\PhysicsCmp.h">
      <Filter>Header Files</Filter>
    </ClInclude>
  </ItemGroup>
</Project>